
Microsoft Visual Studio Solution File, Format Version 12.00
# Visual Studio Version 17
VisualStudioVersion = 17.2.32630.192
MinimumVisualStudioVersion = 10.0.40219.1
Project("{9A19103F-16F7-4668-BE54-9A1E7A4F7556}") = "Moonlight", "src\managed\Moonlight.csproj", "{95F62B96-F2F5-4789-8A51-B64D8928EDEC}"
EndProject
Project("{9A19103F-16F7-4668-BE54-9A1E7A4F7556}") = "System.Windows.Test", "test\app\System.Windows.Test\System.Windows.Test.csproj", "{3293F62F-D803-4164-A54A-1EF1EA6768E9}"
EndProject
Project("{8BC9CEB8-8B4A-11D0-8D11-00A0C91BC942}") = "libmoon", "build-sdl2\src\runtime\libmoon.vcxproj", "{ADB4D436-F6B4-3F0B-89B1-BED297D01CA3}"
EndProject
Global
	GlobalSection(SolutionConfigurationPlatforms) = preSolution
		Debug|Any CPU = Debug|Any CPU
		Debug|x64 = Debug|x64
		Debug|x86 = Debug|x86
		Release|Any CPU = Release|Any CPU
		Release|x64 = Release|x64
		Release|x86 = Release|x86
		RelWithDebInfo|Any CPU = RelWithDebInfo|Any CPU
		RelWithDebInfo|x64 = RelWithDebInfo|x64
		RelWithDebInfo|x86 = RelWithDebInfo|x86
	EndGlobalSection
	GlobalSection(ProjectConfigurationPlatforms) = postSolution
		{95F62B96-F2F5-4789-8A51-B64D8928EDEC}.Debug|Any CPU.ActiveCfg = Debug|Any CPU
		{95F62B96-F2F5-4789-8A51-B64D8928EDEC}.Debug|Any CPU.Build.0 = Debug|Any CPU
		{95F62B96-F2F5-4789-8A51-B64D8928EDEC}.Debug|x64.ActiveCfg = Debug|Any CPU
		{95F62B96-F2F5-4789-8A51-B64D8928EDEC}.Debug|x64.Build.0 = Debug|Any CPU
		{95F62B96-F2F5-4789-8A51-B64D8928EDEC}.Debug|x86.ActiveCfg = Debug|Any CPU
		{95F62B96-F2F5-4789-8A51-B64D8928EDEC}.Debug|x86.Build.0 = Debug|Any CPU
		{95F62B96-F2F5-4789-8A51-B64D8928EDEC}.Release|Any CPU.ActiveCfg = Release|Any CPU
		{95F62B96-F2F5-4789-8A51-B64D8928EDEC}.Release|Any CPU.Build.0 = Release|Any CPU
		{95F62B96-F2F5-4789-8A51-B64D8928EDEC}.Release|x64.ActiveCfg = Release|Any CPU
		{95F62B96-F2F5-4789-8A51-B64D8928EDEC}.Release|x64.Build.0 = Release|Any CPU
		{95F62B96-F2F5-4789-8A51-B64D8928EDEC}.Release|x86.ActiveCfg = Release|Any CPU
		{95F62B96-F2F5-4789-8A51-B64D8928EDEC}.Release|x86.Build.0 = Release|Any CPU
		{95F62B96-F2F5-4789-8A51-B64D8928EDEC}.RelWithDebInfo|Any CPU.ActiveCfg = Debug|Any CPU
		{95F62B96-F2F5-4789-8A51-B64D8928EDEC}.RelWithDebInfo|Any CPU.Build.0 = Debug|Any CPU
		{95F62B96-F2F5-4789-8A51-B64D8928EDEC}.RelWithDebInfo|x64.ActiveCfg = Debug|Any CPU
		{95F62B96-F2F5-4789-8A51-B64D8928EDEC}.RelWithDebInfo|x64.Build.0 = Debug|Any CPU
		{95F62B96-F2F5-4789-8A51-B64D8928EDEC}.RelWithDebInfo|x86.ActiveCfg = Debug|Any CPU
		{95F62B96-F2F5-4789-8A51-B64D8928EDEC}.RelWithDebInfo|x86.Build.0 = Debug|Any CPU
		{3293F62F-D803-4164-A54A-1EF1EA6768E9}.Debug|Any CPU.ActiveCfg = Debug|Any CPU
		{3293F62F-D803-4164-A54A-1EF1EA6768E9}.Debug|Any CPU.Build.0 = Debug|Any CPU
		{3293F62F-D803-4164-A54A-1EF1EA6768E9}.Debug|x64.ActiveCfg = Debug|Any CPU
		{3293F62F-D803-4164-A54A-1EF1EA6768E9}.Debug|x64.Build.0 = Debug|Any CPU
		{3293F62F-D803-4164-A54A-1EF1EA6768E9}.Debug|x86.ActiveCfg = Debug|Any CPU
		{3293F62F-D803-4164-A54A-1EF1EA6768E9}.Debug|x86.Build.0 = Debug|Any CPU
		{3293F62F-D803-4164-A54A-1EF1EA6768E9}.Release|Any CPU.ActiveCfg = Release|Any CPU
		{3293F62F-D803-4164-A54A-1EF1EA6768E9}.Release|Any CPU.Build.0 = Release|Any CPU
		{3293F62F-D803-4164-A54A-1EF1EA6768E9}.Release|x64.ActiveCfg = Release|Any CPU
		{3293F62F-D803-4164-A54A-1EF1EA6768E9}.Release|x64.Build.0 = Release|Any CPU
		{3293F62F-D803-4164-A54A-1EF1EA6768E9}.Release|x86.ActiveCfg = Release|Any CPU
		{3293F62F-D803-4164-A54A-1EF1EA6768E9}.Release|x86.Build.0 = Release|Any CPU
		{3293F62F-D803-4164-A54A-1EF1EA6768E9}.RelWithDebInfo|Any CPU.ActiveCfg = Debug|Any CPU
		{3293F62F-D803-4164-A54A-1EF1EA6768E9}.RelWithDebInfo|Any CPU.Build.0 = Debug|Any CPU
		{3293F62F-D803-4164-A54A-1EF1EA6768E9}.RelWithDebInfo|x64.ActiveCfg = Debug|Any CPU
		{3293F62F-D803-4164-A54A-1EF1EA6768E9}.RelWithDebInfo|x64.Build.0 = Debug|Any CPU
		{3293F62F-D803-4164-A54A-1EF1EA6768E9}.RelWithDebInfo|x86.ActiveCfg = Debug|Any CPU
		{3293F62F-D803-4164-A54A-1EF1EA6768E9}.RelWithDebInfo|x86.Build.0 = Debug|Any CPU
		{ADB4D436-F6B4-3F0B-89B1-BED297D01CA3}.Debug|Any CPU.ActiveCfg = Debug|x64
		{ADB4D436-F6B4-3F0B-89B1-BED297D01CA3}.Debug|Any CPU.Build.0 = Debug|x64
		{ADB4D436-F6B4-3F0B-89B1-BED297D01CA3}.Debug|x64.ActiveCfg = Debug|x64
		{ADB4D436-F6B4-3F0B-89B1-BED297D01CA3}.Debug|x64.Build.0 = Debug|x64
		{ADB4D436-F6B4-3F0B-89B1-BED297D01CA3}.Debug|x86.ActiveCfg = Debug|x64
		{ADB4D436-F6B4-3F0B-89B1-BED297D01CA3}.Debug|x86.Build.0 = Debug|x64
		{ADB4D436-F6B4-3F0B-89B1-BED297D01CA3}.Release|Any CPU.ActiveCfg = Release|x64
		{ADB4D436-F6B4-3F0B-89B1-BED297D01CA3}.Release|Any CPU.Build.0 = Release|x64
		{ADB4D436-F6B4-3F0B-89B1-BED297D01CA3}.Release|x64.ActiveCfg = Release|x64
		{ADB4D436-F6B4-3F0B-89B1-BED297D01CA3}.Release|x64.Build.0 = Release|x64
		{ADB4D436-F6B4-3F0B-89B1-BED297D01CA3}.Release|x86.ActiveCfg = Release|x64
		{ADB4D436-F6B4-3F0B-89B1-BED297D01CA3}.Release|x86.Build.0 = Release|x64
		{ADB4D436-F6B4-3F0B-89B1-BED297D01CA3}.RelWithDebInfo|Any CPU.ActiveCfg = RelWithDebInfo|x64
		{ADB4D436-F6B4-3F0B-89B1-BED297D01CA3}.RelWithDebInfo|Any CPU.Build.0 = RelWithDebInfo|x64
		{ADB4D436-F6B4-3F0B-89B1-BED297D01CA3}.RelWithDebInfo|x64.ActiveCfg = RelWithDebInfo|x64
		{ADB4D436-F6B4-3F0B-89B1-BED297D01CA3}.RelWithDebInfo|x64.Build.0 = RelWithDebInfo|x64
		{ADB4D436-F6B4-3F0B-89B1-BED297D01CA3}.RelWithDebInfo|x86.ActiveCfg = RelWithDebInfo|x64
		{ADB4D436-F6B4-3F0B-89B1-BED297D01CA3}.RelWithDebInfo|x86.Build.0 = RelWithDebInfo|x64
	EndGlobalSection
	GlobalSection(SolutionProperties) = preSolution
		HideSolutionNode = FALSE
	EndGlobalSection
	GlobalSection(ExtensibilityGlobals) = postSolution
		SolutionGuid = {B5C1D529-6866-4515-AEF2-A258846B9487}
	EndGlobalSection
EndGlobal
