<?xml version="1.0" encoding="utf-8"?>
<Project ToolsVersion="4.0" xmlns="http://schemas.microsoft.com/developer/msbuild/2003">
  <ItemGroup>
    <Filter Include="Source Files">
      <UniqueIdentifier>{4FC737F1-C7A5-4376-A066-2A32D752A2FF}</UniqueIdentifier>
      <Extensions>cpp;c;cc;cxx;def;odl;idl;hpj;bat;asm;asmx</Extensions>
    </Filter>
    <Filter Include="Source Files\zip">
      <UniqueIdentifier>{cd1db1c8-278a-4c94-af6d-25782c3c1f5f}</UniqueIdentifier>
    </Filter>
    <Filter Include="Header Files">
      <UniqueIdentifier>{93995380-89BD-4b04-88EB-625FBE52EBFB}</UniqueIdentifier>
      <Extensions>h;hpp;hxx;hm;inl;inc;xsd</Extensions>
    </Filter>
    <Filter Include="Header Files\zip">
      <UniqueIdentifier>{725f08e6-b002-4642-85bd-d9266628955d}</UniqueIdentifier>
    </Filter>
    <Filter Include="Resource Files">
      <UniqueIdentifier>{67DA6AB6-F800-4c08-8B7A-83BB121AAD01}</UniqueIdentifier>
      <Extensions>rc;ico;cur;bmp;dlg;rc2;rct;bin;rgs;gif;jpg;jpeg;jpe;resx;tiff;tif;png;wav</Extensions>
    </Filter>
    <Filter Include="Source Files\pal">
      <UniqueIdentifier>{c592b159-d557-4413-91cf-4fd9d40d228a}</UniqueIdentifier>
    </Filter>
    <Filter Include="Header Files\pal">
      <UniqueIdentifier>{cbba707a-e336-47e4-bfa9-d9db7e2c079e}</UniqueIdentifier>
    </Filter>
    <Filter Include="Header Files\pal\win32">
      <UniqueIdentifier>{53c3c516-83d7-42fd-bbca-0009cb1d36b2}</UniqueIdentifier>
    </Filter>
    <Filter Include="Source Files\pal\win32">
      <UniqueIdentifier>{fe4e7c63-5333-40b9-acd8-6f76e789a93c}</UniqueIdentifier>
    </Filter>
  </ItemGroup>
  <ItemGroup>
    <ClCompile Include="animation.cpp">
      <Filter>Source Files</Filter>
    </ClCompile>
    <ClCompile Include="application.cpp">
      <Filter>Source Files</Filter>
    </ClCompile>
    <ClCompile Include="applier.cpp">
      <Filter>Source Files</Filter>
    </ClCompile>
    <ClCompile Include="asxparser.cpp">
      <Filter>Source Files</Filter>
    </ClCompile>
    <ClCompile Include="audio.cpp">
      <Filter>Source Files</Filter>
    </ClCompile>
    <ClCompile Include="bitmapcache.cpp">
      <Filter>Source Files</Filter>
    </ClCompile>
    <ClCompile Include="bitmapimage.cpp">
      <Filter>Source Files</Filter>
    </ClCompile>
    <ClCompile Include="bitmapsource.cpp">
      <Filter>Source Files</Filter>
    </ClCompile>
    <ClCompile Include="border.cpp">
      <Filter>Source Files</Filter>
    </ClCompile>
    <ClCompile Include="brush.cpp">
      <Filter>Source Files</Filter>
    </ClCompile>
    <ClCompile Include="canvas.cpp">
      <Filter>Source Files</Filter>
    </ClCompile>
    <ClCompile Include="capture.cpp">
      <Filter>Source Files</Filter>
    </ClCompile>
    <ClCompile Include="cbinding.cpp">
      <Filter>Source Files</Filter>
    </ClCompile>
    <ClCompile Include="clock.cpp">
      <Filter>Source Files</Filter>
    </ClCompile>
    <ClCompile Include="collection.cpp">
      <Filter>Source Files</Filter>
    </ClCompile>
    <ClCompile Include="color.cpp">
      <Filter>Source Files</Filter>
    </ClCompile>
    <ClCompile Include="consent.cpp">
      <Filter>Source Files</Filter>
    </ClCompile>
    <ClCompile Include="contentcontrol.cpp">
      <Filter>Source Files</Filter>
    </ClCompile>
    <ClCompile Include="contentpresenter.cpp">
      <Filter>Source Files</Filter>
    </ClCompile>
    <ClCompile Include="context-cairo.cpp">
      <Filter>Source Files</Filter>
    </ClCompile>
    <ClCompile Include="context.cpp">
      <Filter>Source Files</Filter>
    </ClCompile>
    <ClCompile Include="control.cpp">
      <Filter>Source Files</Filter>
    </ClCompile>
    <ClCompile Include="cornerradius.cpp">
      <Filter>Source Files</Filter>
    </ClCompile>
    <ClCompile Include="cpu.cpp">
      <Filter>Source Files</Filter>
    </ClCompile>
    <ClCompile Include="debug.cpp">
      <Filter>Source Files</Filter>
    </ClCompile>
    <ClCompile Include="deepzoomimagetilesource.cpp">
      <Filter>Source Files</Filter>
    </ClCompile>
    <ClCompile Include="dependencyobject.cpp">
      <Filter>Source Files</Filter>
    </ClCompile>
    <ClCompile Include="dependencyproperty.cpp">
      <Filter>Source Files</Filter>
    </ClCompile>
    <ClCompile Include="dependencyproperty.g.cpp">
      <Filter>Source Files</Filter>
    </ClCompile>
    <ClCompile Include="deployment.cpp">
      <Filter>Source Files</Filter>
    </ClCompile>
    <ClCompile Include="dirty.cpp">
      <Filter>Source Files</Filter>
    </ClCompile>
    <ClCompile Include="downloader.cpp">
      <Filter>Source Files</Filter>
    </ClCompile>
    <ClCompile Include="easing.cpp">
      <Filter>Source Files</Filter>
    </ClCompile>
    <ClCompile Include="effect.cpp">
      <Filter>Source Files</Filter>
    </ClCompile>
    <ClCompile Include="enums.cpp">
      <Filter>Source Files</Filter>
    </ClCompile>
    <ClCompile Include="error.cpp">
      <Filter>Source Files</Filter>
    </ClCompile>
    <ClCompile Include="eventargs.cpp">
      <Filter>Source Files</Filter>
    </ClCompile>
    <ClCompile Include="factory.cpp">
      <Filter>Source Files</Filter>
    </ClCompile>
    <ClCompile Include="font-utils.cpp">
      <Filter>Source Files</Filter>
    </ClCompile>
    <ClCompile Include="fontmanager.cpp">
      <Filter>Source Files</Filter>
    </ClCompile>
    <ClCompile Include="fonts.cpp">
      <Filter>Source Files</Filter>
    </ClCompile>
    <ClCompile Include="frameworkelement.cpp">
      <Filter>Source Files</Filter>
    </ClCompile>
    <ClCompile Include="gchandle.cpp">
      <Filter>Source Files</Filter>
    </ClCompile>
    <ClCompile Include="geometry.cpp">
      <Filter>Source Files</Filter>
    </ClCompile>
    <ClCompile Include="glyphs.cpp">
      <Filter>Source Files</Filter>
    </ClCompile>
    <ClCompile Include="grid.cpp">
      <Filter>Source Files</Filter>
    </ClCompile>
    <ClCompile Include="http-streaming.cpp">
      <Filter>Source Files</Filter>
    </ClCompile>
    <ClCompile Include="imagesource.cpp">
      <Filter>Source Files</Filter>
    </ClCompile>
    <ClCompile Include="keyboard.cpp">
      <Filter>Source Files</Filter>
    </ClCompile>
    <ClCompile Include="layoutinformation.cpp">
      <Filter>Source Files</Filter>
    </ClCompile>
    <ClCompile Include="list.cpp">
      <Filter>Source Files</Filter>
    </ClCompile>
    <ClCompile Include="managedtypeinfo.cpp">
      <Filter>Source Files</Filter>
    </ClCompile>
    <ClCompile Include="media.cpp">
      <Filter>Source Files</Filter>
    </ClCompile>
    <ClCompile Include="mediaelement.cpp">
      <Filter>Source Files</Filter>
    </ClCompile>
    <ClCompile Include="medialog.cpp">
      <Filter>Source Files</Filter>
    </ClCompile>
    <ClCompile Include="mediaplayer.cpp">
      <Filter>Source Files</Filter>
    </ClCompile>
    <ClCompile Include="messaging.cpp">
      <Filter>Source Files</Filter>
    </ClCompile>
    <ClCompile Include="moon-curves.cpp">
      <Filter>Source Files</Filter>
    </ClCompile>
    <ClCompile Include="moon-path.cpp">
      <Filter>Source Files</Filter>
    </ClCompile>
    <ClCompile Include="moonlightconfiguration.cpp">
      <Filter>Source Files</Filter>
    </ClCompile>
    <ClCompile Include="mp3.cpp">
      <Filter>Source Files</Filter>
    </ClCompile>
    <ClCompile Include="multiscaleimage.cpp">
      <Filter>Source Files</Filter>
    </ClCompile>
    <ClCompile Include="multiscalesubimage.cpp">
      <Filter>Source Files</Filter>
    </ClCompile>
    <ClCompile Include="namescope.cpp">
      <Filter>Source Files</Filter>
    </ClCompile>
    <ClCompile Include="network-curl.cpp">
      <Filter>Source Files</Filter>
    </ClCompile>
    <ClCompile Include="network.cpp">
      <Filter>Source Files</Filter>
    </ClCompile>
    <ClCompile Include="notificationwindow.cpp">
      <Filter>Source Files</Filter>
    </ClCompile>
    <ClCompile Include="openfile.cpp">
      <Filter>Source Files</Filter>
    </ClCompile>
    <ClCompile Include="panel.cpp">
      <Filter>Source Files</Filter>
    </ClCompile>
    <ClCompile Include="pipeline-logo.cpp">
      <Filter>Source Files</Filter>
    </ClCompile>
    <ClCompile Include="pipeline.cpp">
      <Filter>Source Files</Filter>
    </ClCompile>
    <ClCompile Include="playlist.cpp">
      <Filter>Source Files</Filter>
    </ClCompile>
    <ClCompile Include="point.cpp">
      <Filter>Source Files</Filter>
    </ClCompile>
    <ClCompile Include="popup.cpp">
      <Filter>Source Files</Filter>
    </ClCompile>
    <ClCompile Include="printing.cpp">
      <Filter>Source Files</Filter>
    </ClCompile>
    <ClCompile Include="projection.cpp">
      <Filter>Source Files</Filter>
    </ClCompile>
    <ClCompile Include="provider.cpp">
      <Filter>Source Files</Filter>
    </ClCompile>
    <ClCompile Include="rect.cpp">
      <Filter>Source Files</Filter>
    </ClCompile>
    <ClCompile Include="region.cpp">
      <Filter>Source Files</Filter>
    </ClCompile>
    <ClCompile Include="resources.cpp">
      <Filter>Source Files</Filter>
    </ClCompile>
    <ClCompile Include="richtextbox.cpp">
      <Filter>Source Files</Filter>
    </ClCompile>
    <ClCompile Include="richtextlayout.cpp">
      <Filter>Source Files</Filter>
    </ClCompile>
    <ClCompile Include="runtime.cpp">
      <Filter>Source Files</Filter>
    </ClCompile>
    <ClCompile Include="security.cpp">
      <Filter>Source Files</Filter>
    </ClCompile>
    <ClCompile Include="shape.cpp">
      <Filter>Source Files</Filter>
    </ClCompile>
    <ClCompile Include="size.cpp">
      <Filter>Source Files</Filter>
    </ClCompile>
    <ClCompile Include="style.cpp">
      <Filter>Source Files</Filter>
    </ClCompile>
    <ClCompile Include="stylus.cpp">
      <Filter>Source Files</Filter>
    </ClCompile>
    <ClCompile Include="surface-cairo.cpp">
      <Filter>Source Files</Filter>
    </ClCompile>
    <ClCompile Include="surface.cpp">
      <Filter>Source Files</Filter>
    </ClCompile>
    <ClCompile Include="tabnavigationwalker.cpp">
      <Filter>Source Files</Filter>
    </ClCompile>
    <ClCompile Include="template.cpp">
      <Filter>Source Files</Filter>
    </ClCompile>
    <ClCompile Include="textblock.cpp">
      <Filter>Source Files</Filter>
    </ClCompile>
    <ClCompile Include="textbox.cpp">
      <Filter>Source Files</Filter>
    </ClCompile>
    <ClCompile Include="textelement.cpp">
      <Filter>Source Files</Filter>
    </ClCompile>
    <ClCompile Include="textlayout.cpp">
      <Filter>Source Files</Filter>
    </ClCompile>
    <ClCompile Include="textpointer.cpp">
      <Filter>Source Files</Filter>
    </ClCompile>
    <ClCompile Include="textselection.cpp">
      <Filter>Source Files</Filter>
    </ClCompile>
    <ClCompile Include="thickness.cpp">
      <Filter>Source Files</Filter>
    </ClCompile>
    <ClCompile Include="tilesource.cpp">
      <Filter>Source Files</Filter>
    </ClCompile>
    <ClCompile Include="timeline.cpp">
      <Filter>Source Files</Filter>
    </ClCompile>
    <ClCompile Include="timemanager.cpp">
      <Filter>Source Files</Filter>
    </ClCompile>
    <ClCompile Include="timesource.cpp">
      <Filter>Source Files</Filter>
    </ClCompile>
    <ClCompile Include="transform.cpp">
      <Filter>Source Files</Filter>
    </ClCompile>
    <ClCompile Include="trigger.cpp">
      <Filter>Source Files</Filter>
    </ClCompile>
    <ClCompile Include="type-generated.cpp">
      <Filter>Source Files</Filter>
    </ClCompile>
    <ClCompile Include="type.cpp">
      <Filter>Source Files</Filter>
    </ClCompile>
    <ClCompile Include="uielement.cpp">
      <Filter>Source Files</Filter>
    </ClCompile>
    <ClCompile Include="uri.cpp">
      <Filter>Source Files</Filter>
    </ClCompile>
    <ClCompile Include="usercontrol.cpp">
      <Filter>Source Files</Filter>
    </ClCompile>
    <ClCompile Include="utils.cpp">
      <Filter>Source Files</Filter>
    </ClCompile>
    <ClCompile Include="validators.cpp">
      <Filter>Source Files</Filter>
    </ClCompile>
    <ClCompile Include="value.cpp">
      <Filter>Source Files</Filter>
    </ClCompile>
    <ClCompile Include="weakrefmanager.cpp">
      <Filter>Source Files</Filter>
    </ClCompile>
    <ClCompile Include="webbrowser.cpp">
      <Filter>Source Files</Filter>
    </ClCompile>
    <ClCompile Include="writeablebitmap.cpp">
      <Filter>Source Files</Filter>
    </ClCompile>
    <ClCompile Include="xaml.cpp">
      <Filter>Source Files</Filter>
    </ClCompile>
    <ClCompile Include="xap.cpp">
      <Filter>Source Files</Filter>
    </ClCompile>
    <ClCompile Include="yuv-converter.cpp">
      <Filter>Source Files</Filter>
    </ClCompile>
    <ClCompile Include="pal\win32\fonts-win32.cpp">
      <Filter>Source Files\pal\win32</Filter>
    </ClCompile>
    <ClCompile Include="pal\win32\pal-win32.cpp">
      <Filter>Source Files\pal\win32</Filter>
    </ClCompile>
    <ClCompile Include="pal\win32\window-win32.cpp">
      <Filter>Source Files\pal\win32</Filter>
    </ClCompile>
    <ClCompile Include="zip\ioapi.c">
      <Filter>Source Files\zip</Filter>
    </ClCompile>
    <ClCompile Include="zip\unzip.c">
      <Filter>Source Files\zip</Filter>
    </ClCompile>
    <ClCompile Include="pal\win32\threads-win32.cpp">
      <Filter>Source Files\pal\win32</Filter>
    </ClCompile>
    <ClCompile Include="pal\win32\pixbuf-win32.cpp">
      <Filter>Source Files\pal\win32</Filter>
    </ClCompile>
    <ClCompile Include="pal\win32\im-win32.cpp">
      <Filter>Source Files\pal\win32</Filter>
    </ClCompile>
    <ClCompile Include="pipeline-mp4.cpp">
      <Filter>Source Files</Filter>
    </ClCompile>
    <ClCompile Include="pipeline-asf.cpp">
      <Filter>Source Files</Filter>
    </ClCompile>
    <ClCompile Include="pal\pal.cpp">
      <Filter>Source Files\pal</Filter>
    </ClCompile>
    <ClCompile Include="pal\window.cpp">
      <Filter>Source Files</Filter>
    </ClCompile>
    <ClCompile Include="surface-wgl.cpp">
      <Filter>Source Files</Filter>
    </ClCompile>
    <ClCompile Include="surface-gl.cpp">
      <Filter>Source Files</Filter>
    </ClCompile>
    <ClCompile Include="context-gl.cpp">
      <Filter>Source Files</Filter>
    </ClCompile>
    <ClCompile Include="context-wgl.cpp">
      <Filter>Source Files</Filter>
    </ClCompile>
    <ClCompile Include="gkeyfile.c">
      <Filter>Source Files</Filter>
    </ClCompile>
  </ItemGroup>
  <ItemGroup>
    <ClInclude Include="animation.h">
      <Filter>Header Files</Filter>
    </ClInclude>
    <ClInclude Include="application.h">
      <Filter>Header Files</Filter>
    </ClInclude>
    <ClInclude Include="applier.h">
      <Filter>Header Files</Filter>
    </ClInclude>
    <ClInclude Include="asxparser.h">
      <Filter>Header Files</Filter>
    </ClInclude>
    <ClInclude Include="audio-alsa.h">
      <Filter>Header Files</Filter>
    </ClInclude>
    <ClInclude Include="audio-opensles.h">
      <Filter>Header Files</Filter>
    </ClInclude>
    <ClInclude Include="audio-pulse.h">
      <Filter>Header Files</Filter>
    </ClInclude>
    <ClInclude Include="audio.h">
      <Filter>Header Files</Filter>
    </ClInclude>
    <ClInclude Include="authors.h">
      <Filter>Header Files</Filter>
    </ClInclude>
    <ClInclude Include="bitmapcache.h">
      <Filter>Header Files</Filter>
    </ClInclude>
    <ClInclude Include="bitmapimage.h">
      <Filter>Header Files</Filter>
    </ClInclude>
    <ClInclude Include="bitmapsource.h">
      <Filter>Header Files</Filter>
    </ClInclude>
    <ClInclude Include="border.h">
      <Filter>Header Files</Filter>
    </ClInclude>
    <ClInclude Include="brush.h">
      <Filter>Header Files</Filter>
    </ClInclude>
    <ClInclude Include="canvas.h">
      <Filter>Header Files</Filter>
    </ClInclude>
    <ClInclude Include="capture.h">
      <Filter>Header Files</Filter>
    </ClInclude>
    <ClInclude Include="cbinding.h">
      <Filter>Header Files</Filter>
    </ClInclude>
    <ClInclude Include="clock.h">
      <Filter>Header Files</Filter>
    </ClInclude>
    <ClInclude Include="collection.h">
      <Filter>Header Files</Filter>
    </ClInclude>
    <ClInclude Include="color.h">
      <Filter>Header Files</Filter>
    </ClInclude>
    <ClInclude Include="consent.h">
      <Filter>Header Files</Filter>
    </ClInclude>
    <ClInclude Include="contentcontrol.h">
      <Filter>Header Files</Filter>
    </ClInclude>
    <ClInclude Include="contentpresenter.h">
      <Filter>Header Files</Filter>
    </ClInclude>
    <ClInclude Include="context-cairo.h">
      <Filter>Header Files</Filter>
    </ClInclude>
    <ClInclude Include="context-cgl.h">
      <Filter>Header Files</Filter>
    </ClInclude>
    <ClInclude Include="context-egl.h">
      <Filter>Header Files</Filter>
    </ClInclude>
    <ClInclude Include="context-gallium.h">
      <Filter>Header Files</Filter>
    </ClInclude>
    <ClInclude Include="context-gl.h">
      <Filter>Header Files</Filter>
    </ClInclude>
    <ClInclude Include="context-opengl.h">
      <Filter>Header Files</Filter>
    </ClInclude>
    <ClInclude Include="context.h">
      <Filter>Header Files</Filter>
    </ClInclude>
    <ClInclude Include="control.h">
      <Filter>Header Files</Filter>
    </ClInclude>
    <ClInclude Include="cornerradius.h">
      <Filter>Header Files</Filter>
    </ClInclude>
    <ClInclude Include="cpu.h">
      <Filter>Header Files</Filter>
    </ClInclude>
    <ClInclude Include="debug.h">
      <Filter>Header Files</Filter>
    </ClInclude>
    <ClInclude Include="deepzoomimagetilesource.h">
      <Filter>Header Files</Filter>
    </ClInclude>
    <ClInclude Include="dependencyobject.h">
      <Filter>Header Files</Filter>
    </ClInclude>
    <ClInclude Include="dependencyproperty.h">
      <Filter>Header Files</Filter>
    </ClInclude>
    <ClInclude Include="deployment.h">
      <Filter>Header Files</Filter>
    </ClInclude>
    <ClInclude Include="designmode.h">
      <Filter>Header Files</Filter>
    </ClInclude>
    <ClInclude Include="dirty.h">
      <Filter>Header Files</Filter>
    </ClInclude>
    <ClInclude Include="downloader.h">
      <Filter>Header Files</Filter>
    </ClInclude>
    <ClInclude Include="drm.h">
      <Filter>Header Files</Filter>
    </ClInclude>
    <ClInclude Include="easing.h">
      <Filter>Header Files</Filter>
    </ClInclude>
    <ClInclude Include="effect.h">
      <Filter>Header Files</Filter>
    </ClInclude>
    <ClInclude Include="enums.h">
      <Filter>Header Files</Filter>
    </ClInclude>
    <ClInclude Include="error.h">
      <Filter>Header Files</Filter>
    </ClInclude>
    <ClInclude Include="eventargs.h">
      <Filter>Header Files</Filter>
    </ClInclude>
    <ClInclude Include="factory.h">
      <Filter>Header Files</Filter>
    </ClInclude>
    <ClInclude Include="font-utils.h">
      <Filter>Header Files</Filter>
    </ClInclude>
    <ClInclude Include="fontfamily.h">
      <Filter>Header Files</Filter>
    </ClInclude>
    <ClInclude Include="fontmanager.h">
      <Filter>Header Files</Filter>
    </ClInclude>
    <ClInclude Include="fonts.h">
      <Filter>Header Files</Filter>
    </ClInclude>
    <ClInclude Include="fontsource.h">
      <Filter>Header Files</Filter>
    </ClInclude>
    <ClInclude Include="fontstretch.h">
      <Filter>Header Files</Filter>
    </ClInclude>
    <ClInclude Include="fontstyle.h">
      <Filter>Header Files</Filter>
    </ClInclude>
    <ClInclude Include="fontweight.h">
      <Filter>Header Files</Filter>
    </ClInclude>
    <ClInclude Include="framerate-display.h">
      <Filter>Header Files</Filter>
    </ClInclude>
    <ClInclude Include="frameworkelement.h">
      <Filter>Header Files</Filter>
    </ClInclude>
    <ClInclude Include="fullscreen.h">
      <Filter>Header Files</Filter>
    </ClInclude>
    <ClInclude Include="gchandle.h">
      <Filter>Header Files</Filter>
    </ClInclude>
    <ClInclude Include="geometry.h">
      <Filter>Header Files</Filter>
    </ClInclude>
    <ClInclude Include="gkeyfile.h">
      <Filter>Header Files</Filter>
    </ClInclude>
    <ClInclude Include="glyphs.h">
      <Filter>Header Files</Filter>
    </ClInclude>
    <ClInclude Include="grid.h">
      <Filter>Header Files</Filter>
    </ClInclude>
    <ClInclude Include="http-streaming.h">
      <Filter>Header Files</Filter>
    </ClInclude>
    <ClInclude Include="imagesource.h">
      <Filter>Header Files</Filter>
    </ClInclude>
    <ClInclude Include="incomplete-support.h">
      <Filter>Header Files</Filter>
    </ClInclude>
    <ClInclude Include="inputmethod.h">
      <Filter>Header Files</Filter>
    </ClInclude>
    <ClInclude Include="inputscope.h">
      <Filter>Header Files</Filter>
    </ClInclude>
    <ClInclude Include="jpeg.h">
      <Filter>Header Files</Filter>
    </ClInclude>
    <ClInclude Include="keyboard.h">
      <Filter>Header Files</Filter>
    </ClInclude>
    <ClInclude Include="layoutinformation.h">
      <Filter>Header Files</Filter>
    </ClInclude>
    <ClInclude Include="libmoon.h">
      <Filter>Header Files</Filter>
    </ClInclude>
    <ClInclude Include="list.h">
      <Filter>Header Files</Filter>
    </ClInclude>
    <ClInclude Include="managedtypeinfo.h">
      <Filter>Header Files</Filter>
    </ClInclude>
    <ClInclude Include="media.h">
      <Filter>Header Files</Filter>
    </ClInclude>
    <ClInclude Include="mediaelement.h">
      <Filter>Header Files</Filter>
    </ClInclude>
    <ClInclude Include="medialog.h">
      <Filter>Header Files</Filter>
    </ClInclude>
    <ClInclude Include="mediaplayer.h">
      <Filter>Header Files</Filter>
    </ClInclude>
    <ClInclude Include="messaging.h">
      <Filter>Header Files</Filter>
    </ClInclude>
    <ClInclude Include="moon-curves.h">
      <Filter>Header Files</Filter>
    </ClInclude>
    <ClInclude Include="moon-path.h">
      <Filter>Header Files</Filter>
    </ClInclude>
    <ClInclude Include="moonlightconfiguration.h">
      <Filter>Header Files</Filter>
    </ClInclude>
    <ClInclude Include="mp3.h">
      <Filter>Header Files</Filter>
    </ClInclude>
    <ClInclude Include="multiscaleimage.h">
      <Filter>Header Files</Filter>
    </ClInclude>
    <ClInclude Include="multiscalesubimage.h">
      <Filter>Header Files</Filter>
    </ClInclude>
    <ClInclude Include="namescope.h">
      <Filter>Header Files</Filter>
    </ClInclude>
    <ClInclude Include="network-curl.h">
      <Filter>Header Files</Filter>
    </ClInclude>
    <ClInclude Include="network.h">
      <Filter>Header Files</Filter>
    </ClInclude>
    <ClInclude Include="notificationwindow.h">
      <Filter>Header Files</Filter>
    </ClInclude>
    <ClInclude Include="openfile.h">
      <Filter>Header Files</Filter>
    </ClInclude>
    <ClInclude Include="pal\pal-threads.h">
      <Filter>Header Files</Filter>
    </ClInclude>
    <ClInclude Include="pal\pal.h">
      <Filter>Header Files</Filter>
    </ClInclude>
    <ClInclude Include="pal\win32\pal-win32.h">
      <Filter>Header Files</Filter>
    </ClInclude>
    <ClInclude Include="pal\win32\window-win32.h">
      <Filter>Header Files</Filter>
    </ClInclude>
    <ClInclude Include="pal\window.h">
      <Filter>Header Files</Filter>
    </ClInclude>
    <ClInclude Include="panel.h">
      <Filter>Header Files</Filter>
    </ClInclude>
    <ClInclude Include="pipeline-asf.h">
      <Filter>Header Files</Filter>
    </ClInclude>
    <ClInclude Include="pipeline-ffmpeg.h">
      <Filter>Header Files</Filter>
    </ClInclude>
    <ClInclude Include="pipeline-mp4.h">
      <Filter>Header Files</Filter>
    </ClInclude>
    <ClInclude Include="pipeline-vda.h">
      <Filter>Header Files</Filter>
    </ClInclude>
    <ClInclude Include="pipeline.h">
      <Filter>Header Files</Filter>
    </ClInclude>
    <ClInclude Include="playlist.h">
      <Filter>Header Files</Filter>
    </ClInclude>
    <ClInclude Include="point.h">
      <Filter>Header Files</Filter>
    </ClInclude>
    <ClInclude Include="popup.h">
      <Filter>Header Files</Filter>
    </ClInclude>
    <ClInclude Include="printing.h">
      <Filter>Header Files</Filter>
    </ClInclude>
    <ClInclude Include="projection.h">
      <Filter>Header Files</Filter>
    </ClInclude>
    <ClInclude Include="propertypath.h">
      <Filter>Header Files</Filter>
    </ClInclude>
    <ClInclude Include="provider.h">
      <Filter>Header Files</Filter>
    </ClInclude>
    <ClInclude Include="ptr.h">
      <Filter>Header Files</Filter>
    </ClInclude>
    <ClInclude Include="rect.h">
      <Filter>Header Files</Filter>
    </ClInclude>
    <ClInclude Include="region.h">
      <Filter>Header Files</Filter>
    </ClInclude>
    <ClInclude Include="resources.h">
      <Filter>Header Files</Filter>
    </ClInclude>
    <ClInclude Include="richtextbox.h">
      <Filter>Header Files</Filter>
    </ClInclude>
    <ClInclude Include="richtextlayout.h">
      <Filter>Header Files</Filter>
    </ClInclude>
    <ClInclude Include="runtime.h">
      <Filter>Header Files</Filter>
    </ClInclude>
    <ClInclude Include="security.h">
      <Filter>Header Files</Filter>
    </ClInclude>
    <ClInclude Include="shape.h">
      <Filter>Header Files</Filter>
    </ClInclude>
    <ClInclude Include="size.h">
      <Filter>Header Files</Filter>
    </ClInclude>
    <ClInclude Include="style.h">
      <Filter>Header Files</Filter>
    </ClInclude>
    <ClInclude Include="stylus.h">
      <Filter>Header Files</Filter>
    </ClInclude>
    <ClInclude Include="surface-cairo.h">
      <Filter>Header Files</Filter>
    </ClInclude>
    <ClInclude Include="surface-cgl.h">
      <Filter>Header Files</Filter>
    </ClInclude>
    <ClInclude Include="surface-egl.h">
      <Filter>Header Files</Filter>
    </ClInclude>
    <ClInclude Include="surface-gallium-egl.h">
      <Filter>Header Files</Filter>
    </ClInclude>
    <ClInclude Include="surface-gallium.h">
      <Filter>Header Files</Filter>
    </ClInclude>
    <ClInclude Include="surface-gl.h">
      <Filter>Header Files</Filter>
    </ClInclude>
    <ClInclude Include="surface-opengl.h">
      <Filter>Header Files</Filter>
    </ClInclude>
    <ClInclude Include="surface.h">
      <Filter>Header Files</Filter>
    </ClInclude>
    <ClInclude Include="tabnavigationwalker.h">
      <Filter>Header Files</Filter>
    </ClInclude>
    <ClInclude Include="template.h">
      <Filter>Header Files</Filter>
    </ClInclude>
    <ClInclude Include="textblock.h">
      <Filter>Header Files</Filter>
    </ClInclude>
    <ClInclude Include="textbox.h">
      <Filter>Header Files</Filter>
    </ClInclude>
    <ClInclude Include="textelement.h">
      <Filter>Header Files</Filter>
    </ClInclude>
    <ClInclude Include="textlayout.h">
      <Filter>Header Files</Filter>
    </ClInclude>
    <ClInclude Include="textoptions.h">
      <Filter>Header Files</Filter>
    </ClInclude>
    <ClInclude Include="textpointer.h">
      <Filter>Header Files</Filter>
    </ClInclude>
    <ClInclude Include="textselection.h">
      <Filter>Header Files</Filter>
    </ClInclude>
    <ClInclude Include="thickness.h">
      <Filter>Header Files</Filter>
    </ClInclude>
    <ClInclude Include="tilesource.h">
      <Filter>Header Files</Filter>
    </ClInclude>
    <ClInclude Include="timeline.h">
      <Filter>Header Files</Filter>
    </ClInclude>
    <ClInclude Include="timemanager.h">
      <Filter>Header Files</Filter>
    </ClInclude>
    <ClInclude Include="timesource.h">
      <Filter>Header Files</Filter>
    </ClInclude>
    <ClInclude Include="transform.h">
      <Filter>Header Files</Filter>
    </ClInclude>
    <ClInclude Include="trigger.h">
      <Filter>Header Files</Filter>
    </ClInclude>
    <ClInclude Include="type.h">
      <Filter>Header Files</Filter>
    </ClInclude>
    <ClInclude Include="uielement.h">
      <Filter>Header Files</Filter>
    </ClInclude>
    <ClInclude Include="uri.h">
      <Filter>Header Files</Filter>
    </ClInclude>
    <ClInclude Include="usercontrol.h">
      <Filter>Header Files</Filter>
    </ClInclude>
    <ClInclude Include="utils.h">
      <Filter>Header Files</Filter>
    </ClInclude>
    <ClInclude Include="validators.h">
      <Filter>Header Files</Filter>
    </ClInclude>
    <ClInclude Include="value.h">
      <Filter>Header Files</Filter>
    </ClInclude>
    <ClInclude Include="weakrefmanager.h">
      <Filter>Header Files</Filter>
    </ClInclude>
    <ClInclude Include="webbrowser.h">
      <Filter>Header Files</Filter>
    </ClInclude>
    <ClInclude Include="writeablebitmap.h">
      <Filter>Header Files</Filter>
    </ClInclude>
    <ClInclude Include="xaml.h">
      <Filter>Header Files</Filter>
    </ClInclude>
    <ClInclude Include="xap.h">
      <Filter>Header Files</Filter>
    </ClInclude>
    <ClInclude Include="yuv-converter.h">
      <Filter>Header Files</Filter>
    </ClInclude>
    <ClInclude Include="zip\crypt.h">
      <Filter>Header Files</Filter>
    </ClInclude>
    <ClInclude Include="zip\ioapi.h">
      <Filter>Header Files</Filter>
    </ClInclude>
    <ClInclude Include="zip\unzip.h">
      <Filter>Header Files</Filter>
    </ClInclude>
    <ClInclude Include="pal\win32\pixbuf-win32.h">
      <Filter>Header Files\pal\win32</Filter>
    </ClInclude>
    <ClInclude Include="surface-glew.h">
      <Filter>Header Files</Filter>
    </ClInclude>
  </ItemGroup>
  <ItemGroup>
    <None Include="..\..\.clang-format" />
  </ItemGroup>
</Project>